
Microsoft Visual Studio Solution File, Format Version 12.00
# Visual Studio Version 16
VisualStudioVersion = 16.0.32228.343
MinimumVisualStudioVersion = 10.0.40219.1
Project("{9A19103F-16F7-4668-BE54-9A1E7A4F7556}") = "SynthesisAssignment", "SynthesisAssignment\SynthesisAssignment.csproj", "{3A6A2036-6DA6-4052-98B2-CF7482CB20B3}"
EndProject
Project("{FAE04EC0-301F-11D3-BF4B-00C04F79EFBC}") = "SynthesisDesktop", "..\SynthesisDesktop\SynthesisDesktop\SynthesisDesktop.csproj", "{EE8CBC8A-98B1-421B-8D7A-86A3D4E1133E}"
EndProject
Project("{FAE04EC0-301F-11D3-BF4B-00C04F79EFBC}") = "UnitTests", "..\SynthesisDesktop\UnitTests\UnitTests.csproj", "{F64458E4-CD73-4381-AC5E-A1660A5C0F51}"
EndProject
Global
	GlobalSection(SolutionConfigurationPlatforms) = preSolution
		Debug|Any CPU = Debug|Any CPU
		Release|Any CPU = Release|Any CPU
	EndGlobalSection
	GlobalSection(ProjectConfigurationPlatforms) = postSolution
		{3A6A2036-6DA6-4052-98B2-CF7482CB20B3}.Debug|Any CPU.ActiveCfg = Debug|Any CPU
		{3A6A2036-6DA6-4052-98B2-CF7482CB20B3}.Debug|Any CPU.Build.0 = Debug|Any CPU
		{3A6A2036-6DA6-4052-98B2-CF7482CB20B3}.Release|Any CPU.ActiveCfg = Release|Any CPU
		{3A6A2036-6DA6-4052-98B2-CF7482CB20B3}.Release|Any CPU.Build.0 = Release|Any CPU
		{EE8CBC8A-98B1-421B-8D7A-86A3D4E1133E}.Debug|Any CPU.ActiveCfg = Debug|Any CPU
		{EE8CBC8A-98B1-421B-8D7A-86A3D4E1133E}.Debug|Any CPU.Build.0 = Debug|Any CPU
		{EE8CBC8A-98B1-421B-8D7A-86A3D4E1133E}.Release|Any CPU.ActiveCfg = Release|Any CPU
		{EE8CBC8A-98B1-421B-8D7A-86A3D4E1133E}.Release|Any CPU.Build.0 = Release|Any CPU
		{F64458E4-CD73-4381-AC5E-A1660A5C0F51}.Debug|Any CPU.ActiveCfg = Debug|Any CPU
		{F64458E4-CD73-4381-AC5E-A1660A5C0F51}.Debug|Any CPU.Build.0 = Debug|Any CPU
		{F64458E4-CD73-4381-AC5E-A1660A5C0F51}.Release|Any CPU.ActiveCfg = Release|Any CPU
		{F64458E4-CD73-4381-AC5E-A1660A5C0F51}.Release|Any CPU.Build.0 = Release|Any CPU
	EndGlobalSection
	GlobalSection(SolutionProperties) = preSolution
		HideSolutionNode = FALSE
	EndGlobalSection
	GlobalSection(ExtensibilityGlobals) = postSolution
		SolutionGuid = {C1CC37D9-7C69-4A32-9210-D7D44A430EF0}
	EndGlobalSection
EndGlobal
